{
  "name": "@qwen-code/computer-use",
  "version": "0.1.0",
  "lockfileVersion": 3,
  "requires": true,
  "packages": {
    "": {
      "name": "@qwen-code/computer-use",
      "version": "0.1.0",
      "license": "MIT",
      "dependencies": {
        "@trycua/cua-driver": "file:.."
      }
    },
    "..": {
      "name": "@trycua/cua-driver",
      "version": "0.20.0",
      "license": "MIT",
      "dependencies": {
        "@ubjs/core": "0.31.0-3",
        "@ubjs/node": "0.31.0-3"
      },
      "devDependencies": {
        "@types/node": "^22.0.0",
        "electron": "43.2.0",
        "typescript": "^5.7.0",
        "uniffi-bindgen-react-native": "0.31.0-3"
      }
    },
    "node_modules/@trycua/cua-driver": {
      "resolved": "..",
      "link": true
    }
  }
}
